
Microsoft Visual Studio Solution File, Format Version 12.00
# Visual Studio Version 17
VisualStudioVersion = 17.2.32630.192
MinimumVisualStudioVersion = 10.0.40219.1
Project("{9A19103F-16F7-4668-BE54-9A1E7A4F7556}") = "API", "API\API.csproj", "{2FA3AE6B-44A5-4C44-A47B-D85F3E4B1C94}"
EndProject
Project("{9A19103F-16F7-4668-BE54-9A1E7A4F7556}") = "Utility", "Utility\Utility.csproj", "{121469D5-E52C-4857-98B1-610CEB42AF5E}"
EndProject
Project("{9A19103F-16F7-4668-BE54-9A1E7A4F7556}") = "GameEngine", "GameEngine\GameEngine.csproj", "{A2EA36AB-062D-4DFF-9D99-4364B5F9EC00}"
EndProject
Project("{2150E333-8FDC-42A3-9474-1A3956D46DE8}") = "SampleAIs", "SampleAIs", "{DD24A3F4-81DC-47F7-BA71-3FB523CC9C3B}"
EndProject
Project("{9A19103F-16F7-4668-BE54-9A1E7A4F7556}") = "AI_Sample_RandomPlayer", "..\AIs\AI_Sample_RandomPlayer\code\AI_Sample_RandomPlayer.csproj", "{FCADFEEF-C114-46AF-B964-4B7997E572C2}"
EndProject
Global
	GlobalSection(SolutionConfigurationPlatforms) = preSolution
		Debug|Any CPU = Debug|Any CPU
		Release|Any CPU = Release|Any CPU
	EndGlobalSection
	GlobalSection(ProjectConfigurationPlatforms) = postSolution
		{2FA3AE6B-44A5-4C44-A47B-D85F3E4B1C94}.Debug|Any CPU.ActiveCfg = Debug|Any CPU
		{2FA3AE6B-44A5-4C44-A47B-D85F3E4B1C94}.Debug|Any CPU.Build.0 = Debug|Any CPU
		{2FA3AE6B-44A5-4C44-A47B-D85F3E4B1C94}.Release|Any CPU.ActiveCfg = Release|Any CPU
		{2FA3AE6B-44A5-4C44-A47B-D85F3E4B1C94}.Release|Any CPU.Build.0 = Release|Any CPU
		{121469D5-E52C-4857-98B1-610CEB42AF5E}.Debug|Any CPU.ActiveCfg = Debug|Any CPU
		{121469D5-E52C-4857-98B1-610CEB42AF5E}.Debug|Any CPU.Build.0 = Debug|Any CPU
		{121469D5-E52C-4857-98B1-610CEB42AF5E}.Release|Any CPU.ActiveCfg = Release|Any CPU
		{121469D5-E52C-4857-98B1-610CEB42AF5E}.Release|Any CPU.Build.0 = Release|Any CPU
		{A2EA36AB-062D-4DFF-9D99-4364B5F9EC00}.Debug|Any CPU.ActiveCfg = Debug|Any CPU
		{A2EA36AB-062D-4DFF-9D99-4364B5F9EC00}.Debug|Any CPU.Build.0 = Debug|Any CPU
		{A2EA36AB-062D-4DFF-9D99-4364B5F9EC00}.Release|Any CPU.ActiveCfg = Release|Any CPU
		{A2EA36AB-062D-4DFF-9D99-4364B5F9EC00}.Release|Any CPU.Build.0 = Release|Any CPU
		{FCADFEEF-C114-46AF-B964-4B7997E572C2}.Debug|Any CPU.ActiveCfg = Debug|Any CPU
		{FCADFEEF-C114-46AF-B964-4B7997E572C2}.Debug|Any CPU.Build.0 = Debug|Any CPU
		{FCADFEEF-C114-46AF-B964-4B7997E572C2}.Release|Any CPU.ActiveCfg = Release|Any CPU
		{FCADFEEF-C114-46AF-B964-4B7997E572C2}.Release|Any CPU.Build.0 = Release|Any CPU
	EndGlobalSection
	GlobalSection(SolutionProperties) = preSolution
		HideSolutionNode = FALSE
	EndGlobalSection
	GlobalSection(NestedProjects) = preSolution
		{FCADFEEF-C114-46AF-B964-4B7997E572C2} = {DD24A3F4-81DC-47F7-BA71-3FB523CC9C3B}
	EndGlobalSection
	GlobalSection(ExtensibilityGlobals) = postSolution
		SolutionGuid = {9E4D06D7-79B8-4470-9F3E-F7D435B33217}
	EndGlobalSection
EndGlobal
